
Microsoft Visual Studio Solution File, Format Version 12.00
# Visual Studio 2013
VisualStudioVersion = 12.0.30110.0
MinimumVisualStudioVersion = 10.0.40219.1
Project("{2150E333-8FDC-42A3-9474-1A3956D46DE8}") = "1. Docs", "1. Docs", "{BB90809C-ACD9-406C-9DC3-5352B151787E}"
	ProjectSection(SolutionItems) = preProject
		docs\index.md = docs\index.md
	EndProjectSection
EndProject
Project("{2150E333-8FDC-42A3-9474-1A3956D46DE8}") = "2. Framework", "2. Framework", "{B464F418-0F85-4269-A055-33F965D8A697}"
EndProject
Project("{2150E333-8FDC-42A3-9474-1A3956D46DE8}") = "3. Main", "3. Main", "{D7487F5B-8D94-4384-8650-F15A998F4346}"
EndProject
Project("{FAE04EC0-301F-11D3-BF4B-00C04F79EFBC}") = "Hadouken", "src\Main\Hadouken\Hadouken.csproj", "{1FE7DB08-4B4F-4A13-8453-2703984E32D5}"
EndProject
Project("{FAE04EC0-301F-11D3-BF4B-00C04F79EFBC}") = "Hadouken.Tests", "src\Main\Hadouken.Tests\Hadouken.Tests.csproj", "{6EB5B7D7-31D1-4BE1-90ED-B5CB6616E041}"
EndProject
Project("{FAE04EC0-301F-11D3-BF4B-00C04F79EFBC}") = "Hadouken.Service", "src\Main\Hadouken.Service\Hadouken.Service.csproj", "{80922004-394C-435F-B6AF-37011C85FAB9}"
EndProject
Project("{FAE04EC0-301F-11D3-BF4B-00C04F79EFBC}") = "Hadouken.Fx", "src\Framework\Hadouken.Fx\Hadouken.Fx.csproj", "{F6BFDDB3-C3F0-4009-8685-136C0700672C}"
EndProject
Project("{2150E333-8FDC-42A3-9474-1A3956D46DE8}") = "4. Sample plugin", "4. Sample plugin", "{5D04D920-2206-4306-81F3-C54280F6DEE0}"
EndProject
Project("{FAE04EC0-301F-11D3-BF4B-00C04F79EFBC}") = "Hadouken.Plugins.Sample", "src\SamplePlugin\Hadouken.Plugins.Sample\Hadouken.Plugins.Sample.csproj", "{6AC7530E-0A97-4EA6-BF5C-18FCE8B54FFF}"
EndProject
Project("{FAE04EC0-301F-11D3-BF4B-00C04F79EFBC}") = "Hadouken.Fx.Tests", "src\Framework\Hadouken.Fx.Tests\Hadouken.Fx.Tests.csproj", "{057B3DB2-39F4-4103-8853-76DCAFFA5BD2}"
EndProject
Global
	GlobalSection(SolutionConfigurationPlatforms) = preSolution
		Debug|Any CPU = Debug|Any CPU
		Release|Any CPU = Release|Any CPU
	EndGlobalSection
	GlobalSection(ProjectConfigurationPlatforms) = postSolution
		{1FE7DB08-4B4F-4A13-8453-2703984E32D5}.Debug|Any CPU.ActiveCfg = Debug|Any CPU
		{1FE7DB08-4B4F-4A13-8453-2703984E32D5}.Debug|Any CPU.Build.0 = Debug|Any CPU
		{1FE7DB08-4B4F-4A13-8453-2703984E32D5}.Release|Any CPU.ActiveCfg = Release|Any CPU
		{1FE7DB08-4B4F-4A13-8453-2703984E32D5}.Release|Any CPU.Build.0 = Release|Any CPU
		{6EB5B7D7-31D1-4BE1-90ED-B5CB6616E041}.Debug|Any CPU.ActiveCfg = Debug|Any CPU
		{6EB5B7D7-31D1-4BE1-90ED-B5CB6616E041}.Debug|Any CPU.Build.0 = Debug|Any CPU
		{6EB5B7D7-31D1-4BE1-90ED-B5CB6616E041}.Release|Any CPU.ActiveCfg = Release|Any CPU
		{6EB5B7D7-31D1-4BE1-90ED-B5CB6616E041}.Release|Any CPU.Build.0 = Release|Any CPU
		{80922004-394C-435F-B6AF-37011C85FAB9}.Debug|Any CPU.ActiveCfg = Debug|Any CPU
		{80922004-394C-435F-B6AF-37011C85FAB9}.Debug|Any CPU.Build.0 = Debug|Any CPU
		{80922004-394C-435F-B6AF-37011C85FAB9}.Release|Any CPU.ActiveCfg = Release|Any CPU
		{80922004-394C-435F-B6AF-37011C85FAB9}.Release|Any CPU.Build.0 = Release|Any CPU
		{F6BFDDB3-C3F0-4009-8685-136C0700672C}.Debug|Any CPU.ActiveCfg = Debug|Any CPU
		{F6BFDDB3-C3F0-4009-8685-136C0700672C}.Debug|Any CPU.Build.0 = Debug|Any CPU
		{F6BFDDB3-C3F0-4009-8685-136C0700672C}.Release|Any CPU.ActiveCfg = Release|Any CPU
		{F6BFDDB3-C3F0-4009-8685-136C0700672C}.Release|Any CPU.Build.0 = Release|Any CPU
		{6AC7530E-0A97-4EA6-BF5C-18FCE8B54FFF}.Debug|Any CPU.ActiveCfg = Debug|Any CPU
		{6AC7530E-0A97-4EA6-BF5C-18FCE8B54FFF}.Debug|Any CPU.Build.0 = Debug|Any CPU
		{6AC7530E-0A97-4EA6-BF5C-18FCE8B54FFF}.Release|Any CPU.ActiveCfg = Release|Any CPU
		{6AC7530E-0A97-4EA6-BF5C-18FCE8B54FFF}.Release|Any CPU.Build.0 = Release|Any CPU
		{057B3DB2-39F4-4103-8853-76DCAFFA5BD2}.Debug|Any CPU.ActiveCfg = Debug|Any CPU
		{057B3DB2-39F4-4103-8853-76DCAFFA5BD2}.Debug|Any CPU.Build.0 = Debug|Any CPU
		{057B3DB2-39F4-4103-8853-76DCAFFA5BD2}.Release|Any CPU.ActiveCfg = Release|Any CPU
		{057B3DB2-39F4-4103-8853-76DCAFFA5BD2}.Release|Any CPU.Build.0 = Release|Any CPU
	EndGlobalSection
	GlobalSection(SolutionProperties) = preSolution
		HideSolutionNode = FALSE
	EndGlobalSection
	GlobalSection(NestedProjects) = preSolution
		{F6BFDDB3-C3F0-4009-8685-136C0700672C} = {B464F418-0F85-4269-A055-33F965D8A697}
		{057B3DB2-39F4-4103-8853-76DCAFFA5BD2} = {B464F418-0F85-4269-A055-33F965D8A697}
		{1FE7DB08-4B4F-4A13-8453-2703984E32D5} = {D7487F5B-8D94-4384-8650-F15A998F4346}
		{6EB5B7D7-31D1-4BE1-90ED-B5CB6616E041} = {D7487F5B-8D94-4384-8650-F15A998F4346}
		{80922004-394C-435F-B6AF-37011C85FAB9} = {D7487F5B-8D94-4384-8650-F15A998F4346}
		{6AC7530E-0A97-4EA6-BF5C-18FCE8B54FFF} = {5D04D920-2206-4306-81F3-C54280F6DEE0}
	EndGlobalSection
EndGlobal
